Microsoft Visual Studio Solution File, Format Version 10.00
# Visual Studio 2008
Project("{FAE04EC0-301F-11D3-BF4B-00C04F79EFBC}") = "DBRampUp", "DBRampUp Console\DBRampUp.csproj", "{A76679BD-E29F-4C88-8D86-C16C8341F8EE}"
EndProject
Project("{FAE04EC0-301F-11D3-BF4B-00C04F79EFBC}") = "DBRampUp.Driver", "DBRampUp.Drivers\DBRampUp.Driver.csproj", "{94FAA2E8-7403-480D-ACCA-E76FE8B9474E}"
EndProject
Global
	GlobalSection(SolutionConfigurationPlatforms) = preSolution
		Debug|Any CPU = Debug|Any CPU
		Release|Any CPU = Release|Any CPU
	EndGlobalSection
	GlobalSection(ProjectConfigurationPlatforms) = postSolution
		{A76679BD-E29F-4C88-8D86-C16C8341F8EE}.Debug|Any CPU.ActiveCfg = Debug|Any CPU
		{A76679BD-E29F-4C88-8D86-C16C8341F8EE}.Debug|Any CPU.Build.0 = Debug|Any CPU
		{A76679BD-E29F-4C88-8D86-C16C8341F8EE}.Release|Any CPU.ActiveCfg = Release|Any CPU
		{A76679BD-E29F-4C88-8D86-C16C8341F8EE}.Release|Any CPU.Build.0 = Release|Any CPU
		{94FAA2E8-7403-480D-ACCA-E76FE8B9474E}.Debug|Any CPU.ActiveCfg = Debug|Any CPU
		{94FAA2E8-7403-480D-ACCA-E76FE8B9474E}.Debug|Any CPU.Build.0 = Debug|Any CPU
		{94FAA2E8-7403-480D-ACCA-E76FE8B9474E}.Release|Any CPU.ActiveCfg = Release|Any CPU
		{94FAA2E8-7403-480D-ACCA-E76FE8B9474E}.Release|Any CPU.Build.0 = Release|Any CPU
	EndGlobalSection
	GlobalSection(SolutionProperties) = preSolution
		HideSolutionNode = FALSE
	EndGlobalSection
EndGlobal
